{
  "pins" : [
    {
      "identity" : "lib0-swift",
      "kind" : "remoteSourceControl",
      "location" : "https://github.com/ObuchiYuki/lib0-swift.git",
      "state" : {
        "revision" : "95456ae5489caf831ba57e0fb7e3496f23733156",
        "version" : "1.0.1"
      }
    },
    {
      "identity" : "promise",
      "kind" : "remoteSourceControl",
      "location" : "https://github.com/ObuchiYuki/Promise.git",
      "state" : {
        "revision" : "1f80e9bf2391451cbfd3f4674428937c802fbdcb",
        "version" : "1.0.15"
      }
    },
    {
      "identity" : "yswift",
      "kind" : "remoteSourceControl",
      "location" : "https://github.com/ObuchiYuki/yswift.git",
      "state" : {
        "revision" : "e3c83ab8b1b2a8758bc5dabf80015b5316f0cc4c",
        "version" : "1.0.3"
      }
    }
  ],
  "version" : 2
}
